
Microsoft Visual Studio Solution File, Format Version 12.00
# Visual Studio 15
VisualStudioVersion = 15.0.28307.136
MinimumVisualStudioVersion = 10.0.40219.1
Project("{FAE04EC0-301F-11D3-BF4B-00C04F79EFBC}") = "AppSQlite.Android", "AppSQlite\AppSQlite.Android\AppSQlite.Android.csproj", "{AF0FCFBD-4A25-4886-9FA9-F9C7F949E1F7}"
EndProject
Project("{9A19103F-16F7-4668-BE54-9A1E7A4F7556}") = "AppSQlite", "AppSQlite\AppSQlite\AppSQlite.csproj", "{89680D6C-981F-41D7-A023-1DC599225D70}"
EndProject
Project("{FAE04EC0-301F-11D3-BF4B-00C04F79EFBC}") = "DB", "DB\DB.csproj", "{8216C20D-A7E9-42D2-ABED-FB7D6E17B889}"
EndProject
Global
	GlobalSection(SolutionConfigurationPlatforms) = preSolution
		Debug|Any CPU = Debug|Any CPU
		Release|Any CPU = Release|Any CPU
	EndGlobalSection
	GlobalSection(ProjectConfigurationPlatforms) = postSolution
		{AF0FCFBD-4A25-4886-9FA9-F9C7F949E1F7}.Debug|Any CPU.ActiveCfg = Debug|Any CPU
		{AF0FCFBD-4A25-4886-9FA9-F9C7F949E1F7}.Debug|Any CPU.Build.0 = Debug|Any CPU
		{AF0FCFBD-4A25-4886-9FA9-F9C7F949E1F7}.Debug|Any CPU.Deploy.0 = Debug|Any CPU
		{AF0FCFBD-4A25-4886-9FA9-F9C7F949E1F7}.Release|Any CPU.ActiveCfg = Release|Any CPU
		{AF0FCFBD-4A25-4886-9FA9-F9C7F949E1F7}.Release|Any CPU.Build.0 = Release|Any CPU
		{AF0FCFBD-4A25-4886-9FA9-F9C7F949E1F7}.Release|Any CPU.Deploy.0 = Release|Any CPU
		{89680D6C-981F-41D7-A023-1DC599225D70}.Debug|Any CPU.ActiveCfg = Debug|Any CPU
		{89680D6C-981F-41D7-A023-1DC599225D70}.Debug|Any CPU.Build.0 = Debug|Any CPU
		{89680D6C-981F-41D7-A023-1DC599225D70}.Debug|Any CPU.Deploy.0 = Debug|Any CPU
		{89680D6C-981F-41D7-A023-1DC599225D70}.Release|Any CPU.ActiveCfg = Release|Any CPU
		{89680D6C-981F-41D7-A023-1DC599225D70}.Release|Any CPU.Build.0 = Release|Any CPU
		{89680D6C-981F-41D7-A023-1DC599225D70}.Release|Any CPU.Deploy.0 = Release|Any CPU
		{8216C20D-A7E9-42D2-ABED-FB7D6E17B889}.Debug|Any CPU.ActiveCfg = Debug|Any CPU
		{8216C20D-A7E9-42D2-ABED-FB7D6E17B889}.Debug|Any CPU.Build.0 = Debug|Any CPU
		{8216C20D-A7E9-42D2-ABED-FB7D6E17B889}.Release|Any CPU.ActiveCfg = Release|Any CPU
		{8216C20D-A7E9-42D2-ABED-FB7D6E17B889}.Release|Any CPU.Build.0 = Release|Any CPU
	EndGlobalSection
	GlobalSection(SolutionProperties) = preSolution
		HideSolutionNode = FALSE
	EndGlobalSection
	GlobalSection(ExtensibilityGlobals) = postSolution
		SolutionGuid = {82321B6D-03CB-4E1C-83DF-E179422E924B}
	EndGlobalSection
EndGlobal
